
Microsoft Visual Studio Solution File, Format Version 12.00
# Visual Studio Version 17
VisualStudioVersion = 17.11.35312.102
MinimumVisualStudioVersion = 10.0.40219.1
Project("{FAE04EC0-301F-11D3-BF4B-00C04F79EFBC}") = "grawkamienpapier", "grawkamienpapier.csproj", "{FAE54A7F-3593-40E1-A5A9-89169C202C53}"
EndProject
Global
	GlobalSection(SolutionConfigurationPlatforms) = preSolution
		Debug|Any CPU = Debug|Any CPU
		Release|Any CPU = Release|Any CPU
	EndGlobalSection
	GlobalSection(ProjectConfigurationPlatforms) = postSolution
		{FAE54A7F-3593-40E1-A5A9-89169C202C53}.Debug|Any CPU.ActiveCfg = Debug|Any CPU
		{FAE54A7F-3593-40E1-A5A9-89169C202C53}.Debug|Any CPU.Build.0 = Debug|Any CPU
		{FAE54A7F-3593-40E1-A5A9-89169C202C53}.Release|Any CPU.ActiveCfg = Release|Any CPU
		{FAE54A7F-3593-40E1-A5A9-89169C202C53}.Release|Any CPU.Build.0 = Release|Any CPU
	EndGlobalSection
	GlobalSection(SolutionProperties) = preSolution
		HideSolutionNode = FALSE
	EndGlobalSection
	GlobalSection(ExtensibilityGlobals) = postSolution
		SolutionGuid = {14E3DEA7-A28F-4A5D-BC90-807E8EF2FC57}
	EndGlobalSection
EndGlobal
